
Microsoft Visual Studio Solution File, Format Version 12.00
# Visual Studio 15
VisualStudioVersion = 15.0.28307.489
MinimumVisualStudioVersion = 10.0.40219.1
Project("{FAE04EC0-301F-11D3-BF4B-00C04F79EFBC}") = "PaymentStatusService", "PaymentStatusService\PaymentStatusService.csproj", "{242A6F60-405F-4CE8-9470-521A97734889}"
EndProject
Global
	GlobalSection(SolutionConfigurationPlatforms) = preSolution
		Debug|Any CPU = Debug|Any CPU
		Release|Any CPU = Release|Any CPU
	EndGlobalSection
	GlobalSection(ProjectConfigurationPlatforms) = postSolution
		{242A6F60-405F-4CE8-9470-521A97734889}.Debug|Any CPU.ActiveCfg = Debug|Any CPU
		{242A6F60-405F-4CE8-9470-521A97734889}.Debug|Any CPU.Build.0 = Debug|Any CPU
		{242A6F60-405F-4CE8-9470-521A97734889}.Release|Any CPU.ActiveCfg = Release|Any CPU
		{242A6F60-405F-4CE8-9470-521A97734889}.Release|Any CPU.Build.0 = Release|Any CPU
	EndGlobalSection
	GlobalSection(SolutionProperties) = preSolution
		HideSolutionNode = FALSE
	EndGlobalSection
	GlobalSection(ExtensibilityGlobals) = postSolution
		SolutionGuid = {76E60FBB-628E-4D2F-8830-B9FC3E0EA26E}
	EndGlobalSection
EndGlobal
